
Microsoft Visual Studio Solution File, Format Version 12.00
# Visual Studio Version 17
VisualStudioVersion = 17.4.33103.184
MinimumVisualStudioVersion = 10.0.40219.1
Project("{FAE04EC0-301F-11D3-BF4B-00C04F79EFBC}") = "EmployeeService", "EmployeeService\EmployeeService.csproj", "{A32379F9-610A-4A43-AB80-EB93AB4F4442}"
EndProject
Global
	GlobalSection(SolutionConfigurationPlatforms) = preSolution
		Debug|Any CPU = Debug|Any CPU
		Release|Any CPU = Release|Any CPU
	EndGlobalSection
	GlobalSection(ProjectConfigurationPlatforms) = postSolution
		{A32379F9-610A-4A43-AB80-EB93AB4F4442}.Debug|Any CPU.ActiveCfg = Debug|Any CPU
		{A32379F9-610A-4A43-AB80-EB93AB4F4442}.Debug|Any CPU.Build.0 = Debug|Any CPU
		{A32379F9-610A-4A43-AB80-EB93AB4F4442}.Release|Any CPU.ActiveCfg = Release|Any CPU
		{A32379F9-610A-4A43-AB80-EB93AB4F4442}.Release|Any CPU.Build.0 = Release|Any CPU
	EndGlobalSection
	GlobalSection(SolutionProperties) = preSolution
		HideSolutionNode = FALSE
	EndGlobalSection
	GlobalSection(ExtensibilityGlobals) = postSolution
		SolutionGuid = {1CA6224F-A999-4862-80F2-714870199725}
	EndGlobalSection
EndGlobal
